
Microsoft Visual Studio Solution File, Format Version 12.00
# Visual Studio Version 16
VisualStudioVersion = 16.0.30114.105
MinimumVisualStudioVersion = 10.0.40219.1
Project("{FAE04EC0-301F-11D3-BF4B-00C04F79EFBC}") = "API", "API\API.csproj", "{C03B6582-8C59-4E1A-A57C-C2C0DFE03CCD}"
EndProject
Project("{FAE04EC0-301F-11D3-BF4B-00C04F79EFBC}") = "Application", "Application\Application.csproj", "{FCF4EB36-A70F-4D55-8C96-DB6C43892A05}"
EndProject
Project("{FAE04EC0-301F-11D3-BF4B-00C04F79EFBC}") = "Persistence", "Persistence\Persistence.csproj", "{0AB45E86-FBA9-432D-9013-54A96AB09BEA}"
EndProject
Project("{FAE04EC0-301F-11D3-BF4B-00C04F79EFBC}") = "Domain", "Domain\Domain.csproj", "{298279AB-BC36-4BCB-8102-BA6873784FD9}"
EndProject
Global
	GlobalSection(SolutionConfigurationPlatforms) = preSolution
		Debug|Any CPU = Debug|Any CPU
		Debug|x64 = Debug|x64
		Debug|x86 = Debug|x86
		Release|Any CPU = Release|Any CPU
		Release|x64 = Release|x64
		Release|x86 = Release|x86
	EndGlobalSection
	GlobalSection(SolutionProperties) = preSolution
		HideSolutionNode = FALSE
	EndGlobalSection
	GlobalSection(ProjectConfigurationPlatforms) = postSolution
		{C03B6582-8C59-4E1A-A57C-C2C0DFE03CCD}.Debug|Any CPU.ActiveCfg = Debug|Any CPU
		{C03B6582-8C59-4E1A-A57C-C2C0DFE03CCD}.Debug|Any CPU.Build.0 = Debug|Any CPU
		{C03B6582-8C59-4E1A-A57C-C2C0DFE03CCD}.Debug|x64.ActiveCfg = Debug|Any CPU
		{C03B6582-8C59-4E1A-A57C-C2C0DFE03CCD}.Debug|x64.Build.0 = Debug|Any CPU
		{C03B6582-8C59-4E1A-A57C-C2C0DFE03CCD}.Debug|x86.ActiveCfg = Debug|Any CPU
		{C03B6582-8C59-4E1A-A57C-C2C0DFE03CCD}.Debug|x86.Build.0 = Debug|Any CPU
		{C03B6582-8C59-4E1A-A57C-C2C0DFE03CCD}.Release|Any CPU.ActiveCfg = Release|Any CPU
		{C03B6582-8C59-4E1A-A57C-C2C0DFE03CCD}.Release|Any CPU.Build.0 = Release|Any CPU
		{C03B6582-8C59-4E1A-A57C-C2C0DFE03CCD}.Release|x64.ActiveCfg = Release|Any CPU
		{C03B6582-8C59-4E1A-A57C-C2C0DFE03CCD}.Release|x64.Build.0 = Release|Any CPU
		{C03B6582-8C59-4E1A-A57C-C2C0DFE03CCD}.Release|x86.ActiveCfg = Release|Any CPU
		{C03B6582-8C59-4E1A-A57C-C2C0DFE03CCD}.Release|x86.Build.0 = Release|Any CPU
		{FCF4EB36-A70F-4D55-8C96-DB6C43892A05}.Debug|Any CPU.ActiveCfg = Debug|Any CPU
		{FCF4EB36-A70F-4D55-8C96-DB6C43892A05}.Debug|Any CPU.Build.0 = Debug|Any CPU
		{FCF4EB36-A70F-4D55-8C96-DB6C43892A05}.Debug|x64.ActiveCfg = Debug|Any CPU
		{FCF4EB36-A70F-4D55-8C96-DB6C43892A05}.Debug|x64.Build.0 = Debug|Any CPU
		{FCF4EB36-A70F-4D55-8C96-DB6C43892A05}.Debug|x86.ActiveCfg = Debug|Any CPU
		{FCF4EB36-A70F-4D55-8C96-DB6C43892A05}.Debug|x86.Build.0 = Debug|Any CPU
		{FCF4EB36-A70F-4D55-8C96-DB6C43892A05}.Release|Any CPU.ActiveCfg = Release|Any CPU
		{FCF4EB36-A70F-4D55-8C96-DB6C43892A05}.Release|Any CPU.Build.0 = Release|Any CPU
		{FCF4EB36-A70F-4D55-8C96-DB6C43892A05}.Release|x64.ActiveCfg = Release|Any CPU
		{FCF4EB36-A70F-4D55-8C96-DB6C43892A05}.Release|x64.Build.0 = Release|Any CPU
		{FCF4EB36-A70F-4D55-8C96-DB6C43892A05}.Release|x86.ActiveCfg = Release|Any CPU
		{FCF4EB36-A70F-4D55-8C96-DB6C43892A05}.Release|x86.Build.0 = Release|Any CPU
		{0AB45E86-FBA9-432D-9013-54A96AB09BEA}.Debug|Any CPU.ActiveCfg = Debug|Any CPU
		{0AB45E86-FBA9-432D-9013-54A96AB09BEA}.Debug|Any CPU.Build.0 = Debug|Any CPU
		{0AB45E86-FBA9-432D-9013-54A96AB09BEA}.Debug|x64.ActiveCfg = Debug|Any CPU
		{0AB45E86-FBA9-432D-9013-54A96AB09BEA}.Debug|x64.Build.0 = Debug|Any CPU
		{0AB45E86-FBA9-432D-9013-54A96AB09BEA}.Debug|x86.ActiveCfg = Debug|Any CPU
		{0AB45E86-FBA9-432D-9013-54A96AB09BEA}.Debug|x86.Build.0 = Debug|Any CPU
		{0AB45E86-FBA9-432D-9013-54A96AB09BEA}.Release|Any CPU.ActiveCfg = Release|Any CPU
		{0AB45E86-FBA9-432D-9013-54A96AB09BEA}.Release|Any CPU.Build.0 = Release|Any CPU
		{0AB45E86-FBA9-432D-9013-54A96AB09BEA}.Release|x64.ActiveCfg = Release|Any CPU
		{0AB45E86-FBA9-432D-9013-54A96AB09BEA}.Release|x64.Build.0 = Release|Any CPU
		{0AB45E86-FBA9-432D-9013-54A96AB09BEA}.Release|x86.ActiveCfg = Release|Any CPU
		{0AB45E86-FBA9-432D-9013-54A96AB09BEA}.Release|x86.Build.0 = Release|Any CPU
		{298279AB-BC36-4BCB-8102-BA6873784FD9}.Debug|Any CPU.ActiveCfg = Debug|Any CPU
		{298279AB-BC36-4BCB-8102-BA6873784FD9}.Debug|Any CPU.Build.0 = Debug|Any CPU
		{298279AB-BC36-4BCB-8102-BA6873784FD9}.Debug|x64.ActiveCfg = Debug|Any CPU
		{298279AB-BC36-4BCB-8102-BA6873784FD9}.Debug|x64.Build.0 = Debug|Any CPU
		{298279AB-BC36-4BCB-8102-BA6873784FD9}.Debug|x86.ActiveCfg = Debug|Any CPU
		{298279AB-BC36-4BCB-8102-BA6873784FD9}.Debug|x86.Build.0 = Debug|Any CPU
		{298279AB-BC36-4BCB-8102-BA6873784FD9}.Release|Any CPU.ActiveCfg = Release|Any CPU
		{298279AB-BC36-4BCB-8102-BA6873784FD9}.Release|Any CPU.Build.0 = Release|Any CPU
		{298279AB-BC36-4BCB-8102-BA6873784FD9}.Release|x64.ActiveCfg = Release|Any CPU
		{298279AB-BC36-4BCB-8102-BA6873784FD9}.Release|x64.Build.0 = Release|Any CPU
		{298279AB-BC36-4BCB-8102-BA6873784FD9}.Release|x86.ActiveCfg = Release|Any CPU
		{298279AB-BC36-4BCB-8102-BA6873784FD9}.Release|x86.Build.0 = Release|Any CPU
	EndGlobalSection
EndGlobal
